
Microsoft Visual Studio Solution File, Format Version 11.00
# Visual Studio 2010
Project("{FAE04EC0-301F-11D3-BF4B-00C04F79EFBC}") = "Assembly-CSharp", "Assembly-CSharp.csproj", "{EFED0749-B5F3-A3E4-D19F-9B4FDEFC9AFD}"
EndProject
Global
	GlobalSection(SolutionConfigurationPlatforms) = preSolution
		Debug|Any CPU = Debug|Any CPU
		Release|Any CPU = Release|Any CPU
	EndGlobalSection
	GlobalSection(ProjectConfigurationPlatforms) = postSolution
		{EFED0749-B5F3-A3E4-D19F-9B4FDEFC9AFD}.Debug|Any CPU.ActiveCfg = Debug|Any CPU
		{EFED0749-B5F3-A3E4-D19F-9B4FDEFC9AFD}.Debug|Any CPU.Build.0 = Debug|Any CPU
		{EFED0749-B5F3-A3E4-D19F-9B4FDEFC9AFD}.Release|Any CPU.ActiveCfg = Release|Any CPU
		{EFED0749-B5F3-A3E4-D19F-9B4FDEFC9AFD}.Release|Any CPU.Build.0 = Release|Any CPU
	EndGlobalSection
	GlobalSection(SolutionProperties) = preSolution
		HideSolutionNode = FALSE
	EndGlobalSection
EndGlobal
